
Microsoft Visual Studio Solution File, Format Version 12.00
# Visual Studio Version 16
VisualStudioVersion = 16.0.30503.244
MinimumVisualStudioVersion = 10.0.40219.1
Project("{FAE04EC0-301F-11D3-BF4B-00C04F79EFBC}") = "ABCBooksClient_991471961", "ABCBooksClient_991471961.csproj", "{F7CC6826-11AC-4C53-8963-CDF014EA5003}"
EndProject
Global
	GlobalSection(SolutionConfigurationPlatforms) = preSolution
		Debug|Any CPU = Debug|Any CPU
		Release|Any CPU = Release|Any CPU
	EndGlobalSection
	GlobalSection(ProjectConfigurationPlatforms) = postSolution
		{F7CC6826-11AC-4C53-8963-CDF014EA5003}.Debug|Any CPU.ActiveCfg = Debug|Any CPU
		{F7CC6826-11AC-4C53-8963-CDF014EA5003}.Debug|Any CPU.Build.0 = Debug|Any CPU
		{F7CC6826-11AC-4C53-8963-CDF014EA5003}.Release|Any CPU.ActiveCfg = Release|Any CPU
		{F7CC6826-11AC-4C53-8963-CDF014EA5003}.Release|Any CPU.Build.0 = Release|Any CPU
	EndGlobalSection
	GlobalSection(SolutionProperties) = preSolution
		HideSolutionNode = FALSE
	EndGlobalSection
	GlobalSection(ExtensibilityGlobals) = postSolution
		SolutionGuid = {BC300A24-EAA0-479C-82F8-2D919BB2540D}
	EndGlobalSection
EndGlobal
